// !$*UTF8*$!
{
	archiveVersion = 1;
	classes = {
	};
	objectVersion = 50;
	objects = {

/* Begin PBXBuildFile section */
		2405E1DA27622693004DA724 /* redir_02.c in Sources */ = {isa = PBXBuildFile; fileRef = 2405E1D927622693004DA724 /* redir_02.c */; };
		2430E4C12778DC6E00014552 /* parcer_02.c in Sources */ = {isa = PBXBuildFile; fileRef = 2430E4C02778DC6E00014552 /* parcer_02.c */; };
		244DC3E6274391D6000F2B68 /* executer_01.c in Sources */ = {isa = PBXBuildFile; fileRef = 244DC3E5274391D6000F2B68 /* executer_01.c */; };
		244DC3E827439580000F2B68 /* builtins_01_cd.c in Sources */ = {isa = PBXBuildFile; fileRef = 244DC3E727439580000F2B68 /* builtins_01_cd.c */; };
		244DC3EA274395BA000F2B68 /* builtins_02_export.c in Sources */ = {isa = PBXBuildFile; fileRef = 244DC3E9274395BA000F2B68 /* builtins_02_export.c */; };
		244DC3EE2743C406000F2B68 /* signals.c in Sources */ = {isa = PBXBuildFile; fileRef = 244DC3ED2743C406000F2B68 /* signals.c */; };
		246BC4262760C4E200D22C2F /* preparcer_01.c in Sources */ = {isa = PBXBuildFile; fileRef = 246BC4252760C4E200D22C2F /* preparcer_01.c */; };
		246BEBC9273E99D100BF36F4 /* minishell.c in Sources */ = {isa = PBXBuildFile; fileRef = 246BEBC8273E99D100BF36F4 /* minishell.c */; };
		246BEBCB273EA40A00BF36F4 /* parcer_01.c in Sources */ = {isa = PBXBuildFile; fileRef = 246BEBCA273EA40A00BF36F4 /* parcer_01.c */; };
		246BEBCD273EA50800BF36F4 /* utils_01.c in Sources */ = {isa = PBXBuildFile; fileRef = 246BEBCC273EA50800BF36F4 /* utils_01.c */; };
		246BEBCF273EBB8700BF36F4 /* Makefile in Sources */ = {isa = PBXBuildFile; fileRef = 246BEBCE273EBB8700BF36F4 /* Makefile */; };
		24707DE8276B9A3E007E57A0 /* env_02_array.c in Sources */ = {isa = PBXBuildFile; fileRef = 24707DE7276B9A3E007E57A0 /* env_02_array.c */; };
		247C569F27477C6F005BAD05 /* lexer_01_quotes.c in Sources */ = {isa = PBXBuildFile; fileRef = 247C569E27477C6F005BAD05 /* lexer_01_quotes.c */; };
		24A64292275DE5AC0041D1FE /* env_01_lists.c in Sources */ = {isa = PBXBuildFile; fileRef = 24A64291275DE5AC0041D1FE /* env_01_lists.c */; };
		24A64294275DF98D0041D1FE /* pipe_01.c in Sources */ = {isa = PBXBuildFile; fileRef = 24A64293275DF98D0041D1FE /* pipe_01.c */; };
		24A64296275E30BC0041D1FE /* redir_01.c in Sources */ = {isa = PBXBuildFile; fileRef = 24A64295275E30BC0041D1FE /* redir_01.c */; };
		24DFE1022763557B00D1807F /* token_01.c in Sources */ = {isa = PBXBuildFile; fileRef = 24DFE1012763557A00D1807F /* token_01.c */; };
		24DFE1042763833200D1807F /* lexer_02_dollar.c in Sources */ = {isa = PBXBuildFile; fileRef = 24DFE1032763833200D1807F /* lexer_02_dollar.c */; };
		24F00587276A343700623E9D /* builtins_03_unset.c in Sources */ = {isa = PBXBuildFile; fileRef = 24F00586276A343700623E9D /* builtins_03_unset.c */; };
		24F00589276A35E500623E9D /* builtins_04_env_exit.c in Sources */ = {isa = PBXBuildFile; fileRef = 24F00588276A35E500623E9D /* builtins_04_env_exit.c */; };
		24F0058B276A5CC000623E9D /* builtins_05_pwd_echo.c in Sources */ = {isa = PBXBuildFile; fileRef = 24F0058A276A5CC000623E9D /* builtins_05_pwd_echo.c */; };
/* End PBXBuildFile section */

/* Begin PBXCopyFilesBuildPhase section */
		246BEBBB273E99A600BF36F4 /* CopyFiles */ = {
			isa = PBXCopyFilesBuildPhase;
			buildActionMask = 2147483647;
			dstPath = /usr/share/man/man1/;
			dstSubfolderSpec = 0;
			files = (
			);
			runOnlyForDeploymentPostprocessing = 1;
		};
/* End PBXCopyFilesBuildPhase section */

/* Begin PBXFileReference section */
		2405E1D927622693004DA724 /* redir_02.c */ = {isa = PBXFileReference; lastKnownFileType = sourcecode.c.c; path = redir_02.c; sourceTree = "<group>"; usesTabs = 1; };
		2430E4C02778DC6E00014552 /* parcer_02.c */ = {isa = PBXFileReference; lastKnownFileType = sourcecode.c.c; path = parcer_02.c; sourceTree = "<group>"; usesTabs = 1; };
		244DC3E5274391D6000F2B68 /* executer_01.c */ = {isa = PBXFileReference; lastKnownFileType = sourcecode.c.c; path = executer_01.c; sourceTree = "<group>"; usesTabs = 1; };
		244DC3E727439580000F2B68 /* builtins_01_cd.c */ = {isa = PBXFileReference; lastKnownFileType = sourcecode.c.c; path = builtins_01_cd.c; sourceTree = "<group>"; usesTabs = 1; };
		244DC3E9274395BA000F2B68 /* builtins_02_export.c */ = {isa = PBXFileReference; lastKnownFileType = sourcecode.c.c; path = builtins_02_export.c; sourceTree = "<group>"; usesTabs = 1; };
		244DC3ED2743C406000F2B68 /* signals.c */ = {isa = PBXFileReference; lastKnownFileType = sourcecode.c.c; path = signals.c; sourceTree = "<group>"; tabWidth = 4; usesTabs = 1; };
		246BC4252760C4E200D22C2F /* preparcer_01.c */ = {isa = PBXFileReference; lastKnownFileType = sourcecode.c.c; path = preparcer_01.c; sourceTree = "<group>"; usesTabs = 1; };
		246BEBBD273E99A600BF36F4 /* minishell */ = {isa = PBXFileReference; explicitFileType = "compiled.mach-o.executable"; includeInIndex = 0; path = minishell; sourceTree = BUILT_PRODUCTS_DIR; };
		246BEBC7273E99D100BF36F4 /* minishell.h */ = {isa = PBXFileReference; lastKnownFileType = sourcecode.c.h; path = minishell.h; sourceTree = "<group>"; usesTabs = 1; };
		246BEBC8273E99D100BF36F4 /* minishell.c */ = {isa = PBXFileReference; lastKnownFileType = sourcecode.c.c; path = minishell.c; sourceTree = "<group>"; usesTabs = 1; };
		246BEBCA273EA40A00BF36F4 /* parcer_01.c */ = {isa = PBXFileReference; lastKnownFileType = sourcecode.c.c; path = parcer_01.c; sourceTree = "<group>"; usesTabs = 1; };
		246BEBCC273EA50800BF36F4 /* utils_01.c */ = {isa = PBXFileReference; lastKnownFileType = sourcecode.c.c; path = utils_01.c; sourceTree = "<group>"; usesTabs = 1; };
		246BEBCE273EBB8700BF36F4 /* Makefile */ = {isa = PBXFileReference; fileEncoding = 4; lastKnownFileType = sourcecode.make; path = Makefile; sourceTree = "<group>"; usesTabs = 1; };
		24707DE7276B9A3E007E57A0 /* env_02_array.c */ = {isa = PBXFileReference; lastKnownFileType = sourcecode.c.c; path = env_02_array.c; sourceTree = "<group>"; usesTabs = 1; };
		247C569E27477C6F005BAD05 /* lexer_01_quotes.c */ = {isa = PBXFileReference; lastKnownFileType = sourcecode.c.c; path = lexer_01_quotes.c; sourceTree = "<group>"; usesTabs = 1; };
		249D75B62769B9B000072C9B /* pipex */ = {isa = PBXFileReference; lastKnownFileType = folder; path = pipex; sourceTree = "<group>"; };
		24A64291275DE5AC0041D1FE /* env_01_lists.c */ = {isa = PBXFileReference; lastKnownFileType = sourcecode.c.c; path = env_01_lists.c; sourceTree = "<group>"; usesTabs = 1; };
		24A64293275DF98D0041D1FE /* pipe_01.c */ = {isa = PBXFileReference; lastKnownFileType = sourcecode.c.c; path = pipe_01.c; sourceTree = "<group>"; usesTabs = 1; };
		24A64295275E30BC0041D1FE /* redir_01.c */ = {isa = PBXFileReference; lastKnownFileType = sourcecode.c.c; path = redir_01.c; sourceTree = "<group>"; usesTabs = 1; };
		24DFE1012763557A00D1807F /* token_01.c */ = {isa = PBXFileReference; lastKnownFileType = sourcecode.c.c; path = token_01.c; sourceTree = "<group>"; usesTabs = 1; };
		24DFE1032763833200D1807F /* lexer_02_dollar.c */ = {isa = PBXFileReference; lastKnownFileType = sourcecode.c.c; path = lexer_02_dollar.c; sourceTree = "<group>"; usesTabs = 1; };
		24E771B62742B7AF009C80C1 /* libft */ = {isa = PBXFileReference; lastKnownFileType = folder; path = libft; sourceTree = "<group>"; };
		24F00586276A343700623E9D /* builtins_03_unset.c */ = {isa = PBXFileReference; lastKnownFileType = sourcecode.c.c; path = builtins_03_unset.c; sourceTree = "<group>"; usesTabs = 1; };
		24F00588276A35E500623E9D /* builtins_04_env_exit.c */ = {isa = PBXFileReference; lastKnownFileType = sourcecode.c.c; path = builtins_04_env_exit.c; sourceTree = "<group>"; usesTabs = 1; };
		24F0058A276A5CC000623E9D /* builtins_05_pwd_echo.c */ = {isa = PBXFileReference; lastKnownFileType = sourcecode.c.c; path = builtins_05_pwd_echo.c; sourceTree = "<group>"; usesTabs = 1; };
/* End PBXFileReference section */

/* Begin PBXFrameworksBuildPhase section */
		246BEBBA273E99A600BF36F4 /* Frameworks */ = {
			isa = PBXFrameworksBuildPhase;
			buildActionMask = 2147483647;
			files = (
			);
			runOnlyForDeploymentPostprocessing = 0;
		};
/* End PBXFrameworksBuildPhase section */

/* Begin PBXGroup section */
		246BEBB4273E99A600BF36F4 = {
			isa = PBXGroup;
			children = (
				244DC3E727439580000F2B68 /* builtins_01_cd.c */,
				244DC3E9274395BA000F2B68 /* builtins_02_export.c */,
				24F00586276A343700623E9D /* builtins_03_unset.c */,
				24F00588276A35E500623E9D /* builtins_04_env_exit.c */,
				24F0058A276A5CC000623E9D /* builtins_05_pwd_echo.c */,
				24A64291275DE5AC0041D1FE /* env_01_lists.c */,
				24707DE7276B9A3E007E57A0 /* env_02_array.c */,
				244DC3E5274391D6000F2B68 /* executer_01.c */,
				247C569E27477C6F005BAD05 /* lexer_01_quotes.c */,
				24DFE1032763833200D1807F /* lexer_02_dollar.c */,
				24E771B62742B7AF009C80C1 /* libft */,
				246BEBCE273EBB8700BF36F4 /* Makefile */,
				246BEBC8273E99D100BF36F4 /* minishell.c */,
				246BEBC7273E99D100BF36F4 /* minishell.h */,
				246BEBCA273EA40A00BF36F4 /* parcer_01.c */,
				2430E4C02778DC6E00014552 /* parcer_02.c */,
				24A64293275DF98D0041D1FE /* pipe_01.c */,
				249D75B62769B9B000072C9B /* pipex */,
				246BC4252760C4E200D22C2F /* preparcer_01.c */,
				246BEBBE273E99A600BF36F4 /* Products */,
				24A64295275E30BC0041D1FE /* redir_01.c */,
				2405E1D927622693004DA724 /* redir_02.c */,
				244DC3ED2743C406000F2B68 /* signals.c */,
				24DFE1012763557A00D1807F /* token_01.c */,
				246BEBCC273EA50800BF36F4 /* utils_01.c */,
			);
			sourceTree = "<group>";
		};
		246BEBBE273E99A600BF36F4 /* Products */ = {
			isa = PBXGroup;
			children = (
				246BEBBD273E99A600BF36F4 /* minishell */,
			);
			name = Products;
			sourceTree = "<group>";
		};
/* End PBXGroup section */

/* Begin PBXNativeTarget section */
		246BEBBC273E99A600BF36F4 /* minishell */ = {
			isa = PBXNativeTarget;
			buildConfigurationList = 246BEBC4273E99A600BF36F4 /* Build configuration list for PBXNativeTarget "minishell" */;
			buildPhases = (
				246BEBB9273E99A600BF36F4 /* Sources */,
				246BEBBA273E99A600BF36F4 /* Frameworks */,
				246BEBBB273E99A600BF36F4 /* CopyFiles */,
			);
			buildRules = (
			);
			dependencies = (
			);
			name = minishell;
			productName = minishell;
			productReference = 246BEBBD273E99A600BF36F4 /* minishell */;
			productType = "com.apple.product-type.tool";
		};
/* End PBXNativeTarget section */

/* Begin PBXProject section */
		246BEBB5273E99A600BF36F4 /* Project object */ = {
			isa = PBXProject;
			attributes = {
				LastUpgradeCheck = 1130;
				ORGANIZATIONNAME = "Permann Rranges";
				TargetAttributes = {
					246BEBBC273E99A600BF36F4 = {
						CreatedOnToolsVersion = 11.3.1;
					};
				};
			};
			buildConfigurationList = 246BEBB8273E99A600BF36F4 /* Build configuration list for PBXProject "minishell" */;
			compatibilityVersion = "Xcode 9.3";
			developmentRegion = en;
			hasScannedForEncodings = 0;
			knownRegions = (
				en,
				Base,
			);
			mainGroup = 246BEBB4273E99A600BF36F4;
			productRefGroup = 246BEBBE273E99A600BF36F4 /* Products */;
			projectDirPath = "";
			projectRoot = "";
			targets = (
				246BEBBC273E99A600BF36F4 /* minishell */,
			);
		};
/* End PBXProject section */

/* Begin PBXSourcesBuildPhase section */
		246BEBB9273E99A600BF36F4 /* Sources */ = {
			isa = PBXSourcesBuildPhase;
			buildActionMask = 2147483647;
			files = (
				24DFE1022763557B00D1807F /* token_01.c in Sources */,
				244DC3E827439580000F2B68 /* builtins_01_cd.c in Sources */,
				244DC3EE2743C406000F2B68 /* signals.c in Sources */,
				24707DE8276B9A3E007E57A0 /* env_02_array.c in Sources */,
				246BEBCB273EA40A00BF36F4 /* parcer_01.c in Sources */,
				244DC3E6274391D6000F2B68 /* executer_01.c in Sources */,
				24A64296275E30BC0041D1FE /* redir_01.c in Sources */,
				24A64292275DE5AC0041D1FE /* env_01_lists.c in Sources */,
				247C569F27477C6F005BAD05 /* lexer_01_quotes.c in Sources */,
				246BEBC9273E99D100BF36F4 /* minishell.c in Sources */,
				24F00589276A35E500623E9D /* builtins_04_env_exit.c in Sources */,
				24A64294275DF98D0041D1FE /* pipe_01.c in Sources */,
				24F00587276A343700623E9D /* builtins_03_unset.c in Sources */,
				244DC3EA274395BA000F2B68 /* builtins_02_export.c in Sources */,
				2405E1DA27622693004DA724 /* redir_02.c in Sources */,
				24DFE1042763833200D1807F /* lexer_02_dollar.c in Sources */,
				246BEBCF273EBB8700BF36F4 /* Makefile in Sources */,
				246BC4262760C4E200D22C2F /* preparcer_01.c in Sources */,
				246BEBCD273EA50800BF36F4 /* utils_01.c in Sources */,
				2430E4C12778DC6E00014552 /* parcer_02.c in Sources */,
				24F0058B276A5CC000623E9D /* builtins_05_pwd_echo.c in Sources */,
			);
			runOnlyForDeploymentPostprocessing = 0;
		};
/* End PBXSourcesBuildPhase section */

/* Begin XCBuildConfiguration section */
		246BEBC2273E99A600BF36F4 /* Debug */ = {
			isa = XCBuildConfiguration;
			buildSettings = {
				ALWAYS_SEARCH_USER_PATHS = NO;
				CLANG_ANALYZER_NONNULL = YES;
				CLANG_ANALYZER_NUMBER_OBJECT_CONVERSION = YES_AGGRESSIVE;
				CLANG_CXX_LANGUAGE_STANDARD = "gnu++14";
				CLANG_CXX_LIBRARY = "libc++";
				CLANG_ENABLE_MODULES = YES;
				CLANG_ENABLE_OBJC_ARC = YES;
				CLANG_ENABLE_OBJC_WEAK = YES;
				CLANG_WARN_BLOCK_CAPTURE_AUTORELEASING = YES;
				CLANG_WARN_BOOL_CONVERSION = YES;
				CLANG_WARN_COMMA = YES;
				CLANG_WARN_CONSTANT_CONVERSION = YES;
				CLANG_WARN_DEPRECATED_OBJC_IMPLEMENTATIONS = YES;
				CLANG_WARN_DIRECT_OBJC_ISA_USAGE = YES_ERROR;
				CLANG_WARN_DOCUMENTATION_COMMENTS = YES;
				CLANG_WARN_EMPTY_BODY = YES;
				CLANG_WARN_ENUM_CONVERSION = YES;
				CLANG_WARN_INFINITE_RECURSION = YES;
				CLANG_WARN_INT_CONVERSION = YES;
				CLANG_WARN_NON_LITERAL_NULL_CONVERSION = YES;
				CLANG_WARN_OBJC_IMPLICIT_RETAIN_SELF = YES;
				CLANG_WARN_OBJC_LITERAL_CONVERSION = YES;
				CLANG_WARN_OBJC_ROOT_CLASS = YES_ERROR;
				CLANG_WARN_RANGE_LOOP_ANALYSIS = YES;
				CLANG_WARN_STRICT_PROTOTYPES = YES;
				CLANG_WARN_SUSPICIOUS_MOVE = YES;
				CLANG_WARN_UNGUARDED_AVAILABILITY = YES_AGGRESSIVE;
				CLANG_WARN_UNREACHABLE_CODE = YES;
				CLANG_WARN__DUPLICATE_METHOD_MATCH = YES;
				COPY_PHASE_STRIP = NO;
				DEBUG_INFORMATION_FORMAT = dwarf;
				ENABLE_STRICT_OBJC_MSGSEND = YES;
				ENABLE_TESTABILITY = YES;
				GCC_C_LANGUAGE_STANDARD = gnu11;
				GCC_DYNAMIC_NO_PIC = NO;
				GCC_NO_COMMON_BLOCKS = YES;
				GCC_OPTIMIZATION_LEVEL = 0;
				GCC_PREPROCESSOR_DEFINITIONS = (
					"DEBUG=1",
					"$(inherited)",
				);
				GCC_WARN_64_TO_32_BIT_CONVERSION = YES;
				GCC_WARN_ABOUT_RETURN_TYPE = YES_ERROR;
				GCC_WARN_UNDECLARED_SELECTOR = YES;
				GCC_WARN_UNINITIALIZED_AUTOS = YES_AGGRESSIVE;
				GCC_WARN_UNUSED_FUNCTION = YES;
				GCC_WARN_UNUSED_VARIABLE = YES;
				MACOSX_DEPLOYMENT_TARGET = 10.14;
				MTL_ENABLE_DEBUG_INFO = INCLUDE_SOURCE;
				MTL_FAST_MATH = YES;
				ONLY_ACTIVE_ARCH = YES;
				SDKROOT = macosx;
			};
			name = Debug;
		};
		246BEBC3273E99A600BF36F4 /* Release */ = {
			isa = XCBuildConfiguration;
			buildSettings = {
				ALWAYS_SEARCH_USER_PATHS = NO;
				CLANG_ANALYZER_NONNULL = YES;
				CLANG_ANALYZER_NUMBER_OBJECT_CONVERSION = YES_AGGRESSIVE;
				CLANG_CXX_LANGUAGE_STANDARD = "gnu++14";
				CLANG_CXX_LIBRARY = "libc++";
				CLANG_ENABLE_MODULES = YES;
				CLANG_ENABLE_OBJC_ARC = YES;
				CLANG_ENABLE_OBJC_WEAK = YES;
				CLANG_WARN_BLOCK_CAPTURE_AUTORELEASING = YES;
				CLANG_WARN_BOOL_CONVERSION = YES;
				CLANG_WARN_COMMA = YES;
				CLANG_WARN_CONSTANT_CONVERSION = YES;
				CLANG_WARN_DEPRECATED_OBJC_IMPLEMENTATIONS = YES;
				CLANG_WARN_DIRECT_OBJC_ISA_USAGE = YES_ERROR;
				CLANG_WARN_DOCUMENTATION_COMMENTS = YES;
				CLANG_WARN_EMPTY_BODY = YES;
				CLANG_WARN_ENUM_CONVERSION = YES;
				CLANG_WARN_INFINITE_RECURSION = YES;
				CLANG_WARN_INT_CONVERSION = YES;
				CLANG_WARN_NON_LITERAL_NULL_CONVERSION = YES;
				CLANG_WARN_OBJC_IMPLICIT_RETAIN_SELF = YES;
				CLANG_WARN_OBJC_LITERAL_CONVERSION = YES;
				CLANG_WARN_OBJC_ROOT_CLASS = YES_ERROR;
				CLANG_WARN_RANGE_LOOP_ANALYSIS = YES;
				CLANG_WARN_STRICT_PROTOTYPES = YES;
				CLANG_WARN_SUSPICIOUS_MOVE = YES;
				CLANG_WARN_UNGUARDED_AVAILABILITY = YES_AGGRESSIVE;
				CLANG_WARN_UNREACHABLE_CODE = YES;
				CLANG_WARN__DUPLICATE_METHOD_MATCH = YES;
				COPY_PHASE_STRIP = NO;
				DEBUG_INFORMATION_FORMAT = "dwarf-with-dsym";
				ENABLE_NS_ASSERTIONS = NO;
				ENABLE_STRICT_OBJC_MSGSEND = YES;
				GCC_C_LANGUAGE_STANDARD = gnu11;
				GCC_NO_COMMON_BLOCKS = YES;
				GCC_WARN_64_TO_32_BIT_CONVERSION = YES;
				GCC_WARN_ABOUT_RETURN_TYPE = YES_ERROR;
				GCC_WARN_UNDECLARED_SELECTOR = YES;
				GCC_WARN_UNINITIALIZED_AUTOS = YES_AGGRESSIVE;
				GCC_WARN_UNUSED_FUNCTION = YES;
				GCC_WARN_UNUSED_VARIABLE = YES;
				MACOSX_DEPLOYMENT_TARGET = 10.14;
				MTL_ENABLE_DEBUG_INFO = NO;
				MTL_FAST_MATH = YES;
				SDKROOT = macosx;
			};
			name = Release;
		};
		246BEBC5273E99A600BF36F4 /* Debug */ = {
			isa = XCBuildConfiguration;
			buildSettings = {
				CODE_SIGN_STYLE = Automatic;
				PRODUCT_NAME = "$(TARGET_NAME)";
			};
			name = Debug;
		};
		246BEBC6273E99A600BF36F4 /* Release */ = {
			isa = XCBuildConfiguration;
			buildSettings = {
				CODE_SIGN_STYLE = Automatic;
				PRODUCT_NAME = "$(TARGET_NAME)";
			};
			name = Release;
		};
/* End XCBuildConfiguration section */

/* Begin XCConfigurationList section */
		246BEBB8273E99A600BF36F4 /* Build configuration list for PBXProject "minishell" */ = {
			isa = XCConfigurationList;
			buildConfigurations = (
				246BEBC2273E99A600BF36F4 /* Debug */,
				246BEBC3273E99A600BF36F4 /* Release */,
			);
			defaultConfigurationIsVisible = 0;
			defaultConfigurationName = Release;
		};
		246BEBC4273E99A600BF36F4 /* Build configuration list for PBXNativeTarget "minishell" */ = {
			isa = XCConfigurationList;
			buildConfigurations = (
				246BEBC5273E99A600BF36F4 /* Debug */,
				246BEBC6273E99A600BF36F4 /* Release */,
			);
			defaultConfigurationIsVisible = 0;
			defaultConfigurationName = Release;
		};
/* End XCConfigurationList section */
	};
	rootObject = 246BEBB5273E99A600BF36F4 /* Project object */;
}
